
Microsoft Visual Studio Solution File, Format Version 12.00
# Visual Studio 15
VisualStudioVersion = 15.0.26124.0
MinimumVisualStudioVersion = 15.0.26124.0
Project("{FAE04EC0-301F-11D3-BF4B-00C04F79EFBC}") = "PaymentContext.Domain", "PaymentContext.Domain\PaymentContext.Domain.csproj", "{A0CBEC1A-731C-4072-8DDC-3AA951054C39}"
EndProject
Project("{FAE04EC0-301F-11D3-BF4B-00C04F79EFBC}") = "PaymentContext.Shared", "PaymentContext.Shared\PaymentContext.Shared.csproj", "{94C3DFE9-76B7-44AB-A999-534FD196EA8C}"
EndProject
Project("{FAE04EC0-301F-11D3-BF4B-00C04F79EFBC}") = "PaymentContext.Tests", "PaymentContext.Tests\PaymentContext.Tests.csproj", "{713F47CB-B3F7-43B7-ABFD-C7E27704997B}"
EndProject
Global
	GlobalSection(SolutionConfigurationPlatforms) = preSolution
		Debug|Any CPU = Debug|Any CPU
		Debug|x64 = Debug|x64
		Debug|x86 = Debug|x86
		Release|Any CPU = Release|Any CPU
		Release|x64 = Release|x64
		Release|x86 = Release|x86
	EndGlobalSection
	GlobalSection(SolutionProperties) = preSolution
		HideSolutionNode = FALSE
	EndGlobalSection
	GlobalSection(ProjectConfigurationPlatforms) = postSolution
		{A0CBEC1A-731C-4072-8DDC-3AA951054C39}.Debug|Any CPU.ActiveCfg = Debug|Any CPU
		{A0CBEC1A-731C-4072-8DDC-3AA951054C39}.Debug|Any CPU.Build.0 = Debug|Any CPU
		{A0CBEC1A-731C-4072-8DDC-3AA951054C39}.Debug|x64.ActiveCfg = Debug|Any CPU
		{A0CBEC1A-731C-4072-8DDC-3AA951054C39}.Debug|x64.Build.0 = Debug|Any CPU
		{A0CBEC1A-731C-4072-8DDC-3AA951054C39}.Debug|x86.ActiveCfg = Debug|Any CPU
		{A0CBEC1A-731C-4072-8DDC-3AA951054C39}.Debug|x86.Build.0 = Debug|Any CPU
		{A0CBEC1A-731C-4072-8DDC-3AA951054C39}.Release|Any CPU.ActiveCfg = Release|Any CPU
		{A0CBEC1A-731C-4072-8DDC-3AA951054C39}.Release|Any CPU.Build.0 = Release|Any CPU
		{A0CBEC1A-731C-4072-8DDC-3AA951054C39}.Release|x64.ActiveCfg = Release|Any CPU
		{A0CBEC1A-731C-4072-8DDC-3AA951054C39}.Release|x64.Build.0 = Release|Any CPU
		{A0CBEC1A-731C-4072-8DDC-3AA951054C39}.Release|x86.ActiveCfg = Release|Any CPU
		{A0CBEC1A-731C-4072-8DDC-3AA951054C39}.Release|x86.Build.0 = Release|Any CPU
		{94C3DFE9-76B7-44AB-A999-534FD196EA8C}.Debug|Any CPU.ActiveCfg = Debug|Any CPU
		{94C3DFE9-76B7-44AB-A999-534FD196EA8C}.Debug|Any CPU.Build.0 = Debug|Any CPU
		{94C3DFE9-76B7-44AB-A999-534FD196EA8C}.Debug|x64.ActiveCfg = Debug|Any CPU
		{94C3DFE9-76B7-44AB-A999-534FD196EA8C}.Debug|x64.Build.0 = Debug|Any CPU
		{94C3DFE9-76B7-44AB-A999-534FD196EA8C}.Debug|x86.ActiveCfg = Debug|Any CPU
		{94C3DFE9-76B7-44AB-A999-534FD196EA8C}.Debug|x86.Build.0 = Debug|Any CPU
		{94C3DFE9-76B7-44AB-A999-534FD196EA8C}.Release|Any CPU.ActiveCfg = Release|Any CPU
		{94C3DFE9-76B7-44AB-A999-534FD196EA8C}.Release|Any CPU.Build.0 = Release|Any CPU
		{94C3DFE9-76B7-44AB-A999-534FD196EA8C}.Release|x64.ActiveCfg = Release|Any CPU
		{94C3DFE9-76B7-44AB-A999-534FD196EA8C}.Release|x64.Build.0 = Release|Any CPU
		{94C3DFE9-76B7-44AB-A999-534FD196EA8C}.Release|x86.ActiveCfg = Release|Any CPU
		{94C3DFE9-76B7-44AB-A999-534FD196EA8C}.Release|x86.Build.0 = Release|Any CPU
		{713F47CB-B3F7-43B7-ABFD-C7E27704997B}.Debug|Any CPU.ActiveCfg = Debug|Any CPU
		{713F47CB-B3F7-43B7-ABFD-C7E27704997B}.Debug|Any CPU.Build.0 = Debug|Any CPU
		{713F47CB-B3F7-43B7-ABFD-C7E27704997B}.Debug|x64.ActiveCfg = Debug|Any CPU
		{713F47CB-B3F7-43B7-ABFD-C7E27704997B}.Debug|x64.Build.0 = Debug|Any CPU
		{713F47CB-B3F7-43B7-ABFD-C7E27704997B}.Debug|x86.ActiveCfg = Debug|Any CPU
		{713F47CB-B3F7-43B7-ABFD-C7E27704997B}.Debug|x86.Build.0 = Debug|Any CPU
		{713F47CB-B3F7-43B7-ABFD-C7E27704997B}.Release|Any CPU.ActiveCfg = Release|Any CPU
		{713F47CB-B3F7-43B7-ABFD-C7E27704997B}.Release|Any CPU.Build.0 = Release|Any CPU
		{713F47CB-B3F7-43B7-ABFD-C7E27704997B}.Release|x64.ActiveCfg = Release|Any CPU
		{713F47CB-B3F7-43B7-ABFD-C7E27704997B}.Release|x64.Build.0 = Release|Any CPU
		{713F47CB-B3F7-43B7-ABFD-C7E27704997B}.Release|x86.ActiveCfg = Release|Any CPU
		{713F47CB-B3F7-43B7-ABFD-C7E27704997B}.Release|x86.Build.0 = Release|Any CPU
	EndGlobalSection
EndGlobal
